
Microsoft Visual Studio Solution File, Format Version 12.00
# Visual Studio Version 17
VisualStudioVersion = 17.2.32616.157
MinimumVisualStudioVersion = 10.0.40219.1
Project("{FAE04EC0-301F-11D3-BF4B-00C04F79EFBC}") = "WebSocketApp", "WebSocketApp.csproj", "{DE8016E8-5C02-4A89-80CA-48417DF38D22}"
EndProject
Project("{FAE04EC0-301F-11D3-BF4B-00C04F79EFBC}") = "ws.Client", "..\ws.Client\ws.Client.csproj", "{1260654A-826D-4489-A148-B3C351001520}"
EndProject
Global
	GlobalSection(SolutionConfigurationPlatforms) = preSolution
		Debug|Any CPU = Debug|Any CPU
		Release|Any CPU = Release|Any CPU
	EndGlobalSection
	GlobalSection(ProjectConfigurationPlatforms) = postSolution
		{DE8016E8-5C02-4A89-80CA-48417DF38D22}.Debug|Any CPU.ActiveCfg = Debug|Any CPU
		{DE8016E8-5C02-4A89-80CA-48417DF38D22}.Debug|Any CPU.Build.0 = Debug|Any CPU
		{DE8016E8-5C02-4A89-80CA-48417DF38D22}.Release|Any CPU.ActiveCfg = Release|Any CPU
		{DE8016E8-5C02-4A89-80CA-48417DF38D22}.Release|Any CPU.Build.0 = Release|Any CPU
		{1260654A-826D-4489-A148-B3C351001520}.Debug|Any CPU.ActiveCfg = Debug|Any CPU
		{1260654A-826D-4489-A148-B3C351001520}.Debug|Any CPU.Build.0 = Debug|Any CPU
		{1260654A-826D-4489-A148-B3C351001520}.Release|Any CPU.ActiveCfg = Release|Any CPU
		{1260654A-826D-4489-A148-B3C351001520}.Release|Any CPU.Build.0 = Release|Any CPU
	EndGlobalSection
	GlobalSection(SolutionProperties) = preSolution
		HideSolutionNode = FALSE
	EndGlobalSection
	GlobalSection(ExtensibilityGlobals) = postSolution
		SolutionGuid = {DE4CBC46-6A2C-4073-9368-08084AC9A058}
	EndGlobalSection
EndGlobal
